
Microsoft Visual Studio Solution File, Format Version 12.00
# Visual Studio 2012
Project("{FAE04EC0-301F-11D3-BF4B-00C04F79EFBC}") = "Aula3D.VisionCore", "Aula3D.VisionCore\Aula3D.VisionCore.csproj", "{E78A11A4-D5FF-4E63-8794-0F9831430080}"
EndProject
Project("{FAE04EC0-301F-11D3-BF4B-00C04F79EFBC}") = "Aula3D.App", "Aula3D.App\Aula3D.App.csproj", "{F6484423-11D5-4ADA-A8AD-D7ED0BD5571D}"
EndProject
Project("{FAE04EC0-301F-11D3-BF4B-00C04F79EFBC}") = "Aula3D.VisionConsole", "Aula3D.VisionConsole\Aula3D.VisionConsole.csproj", "{BDA347E1-947F-4FD5-8676-F67037C50851}"
EndProject
Global
	GlobalSection(SolutionConfigurationPlatforms) = preSolution
		Debug|Any CPU = Debug|Any CPU
		Debug|x64 = Debug|x64
		Debug|x86 = Debug|x86
		ExportDebug|Any CPU = ExportDebug|Any CPU
		ExportDebug|x64 = ExportDebug|x64
		ExportDebug|x86 = ExportDebug|x86
		ExportRelease|Any CPU = ExportRelease|Any CPU
		ExportRelease|x64 = ExportRelease|x64
		ExportRelease|x86 = ExportRelease|x86
		Release|Any CPU = Release|Any CPU
		Release|x64 = Release|x64
		Release|x86 = Release|x86
	EndGlobalSection
	GlobalSection(ProjectConfigurationPlatforms) = postSolution
		{E78A11A4-D5FF-4E63-8794-0F9831430080}.Debug|Any CPU.ActiveCfg = Debug|Any CPU
		{E78A11A4-D5FF-4E63-8794-0F9831430080}.Debug|Any CPU.Build.0 = Debug|Any CPU
		{E78A11A4-D5FF-4E63-8794-0F9831430080}.Debug|x64.ActiveCfg = Debug|Any CPU
		{E78A11A4-D5FF-4E63-8794-0F9831430080}.Debug|x64.Build.0 = Debug|Any CPU
		{E78A11A4-D5FF-4E63-8794-0F9831430080}.Debug|x86.ActiveCfg = Debug|Any CPU
		{E78A11A4-D5FF-4E63-8794-0F9831430080}.Debug|x86.Build.0 = Debug|Any CPU
		{E78A11A4-D5FF-4E63-8794-0F9831430080}.ExportDebug|Any CPU.ActiveCfg = Debug|Any CPU
		{E78A11A4-D5FF-4E63-8794-0F9831430080}.ExportDebug|Any CPU.Build.0 = Debug|Any CPU
		{E78A11A4-D5FF-4E63-8794-0F9831430080}.ExportDebug|x64.ActiveCfg = Debug|Any CPU
		{E78A11A4-D5FF-4E63-8794-0F9831430080}.ExportDebug|x64.Build.0 = Debug|Any CPU
		{E78A11A4-D5FF-4E63-8794-0F9831430080}.ExportDebug|x86.ActiveCfg = Debug|Any CPU
		{E78A11A4-D5FF-4E63-8794-0F9831430080}.ExportDebug|x86.Build.0 = Debug|Any CPU
		{E78A11A4-D5FF-4E63-8794-0F9831430080}.ExportRelease|Any CPU.ActiveCfg = Debug|Any CPU
		{E78A11A4-D5FF-4E63-8794-0F9831430080}.ExportRelease|Any CPU.Build.0 = Debug|Any CPU
		{E78A11A4-D5FF-4E63-8794-0F9831430080}.ExportRelease|x64.ActiveCfg = Debug|Any CPU
		{E78A11A4-D5FF-4E63-8794-0F9831430080}.ExportRelease|x64.Build.0 = Debug|Any CPU
		{E78A11A4-D5FF-4E63-8794-0F9831430080}.ExportRelease|x86.ActiveCfg = Debug|Any CPU
		{E78A11A4-D5FF-4E63-8794-0F9831430080}.ExportRelease|x86.Build.0 = Debug|Any CPU
		{E78A11A4-D5FF-4E63-8794-0F9831430080}.Release|Any CPU.ActiveCfg = Release|Any CPU
		{E78A11A4-D5FF-4E63-8794-0F9831430080}.Release|Any CPU.Build.0 = Release|Any CPU
		{E78A11A4-D5FF-4E63-8794-0F9831430080}.Release|x64.ActiveCfg = Release|Any CPU
		{E78A11A4-D5FF-4E63-8794-0F9831430080}.Release|x64.Build.0 = Release|Any CPU
		{E78A11A4-D5FF-4E63-8794-0F9831430080}.Release|x86.ActiveCfg = Release|Any CPU
		{E78A11A4-D5FF-4E63-8794-0F9831430080}.Release|x86.Build.0 = Release|Any CPU
		{F6484423-11D5-4ADA-A8AD-D7ED0BD5571D}.Debug|Any CPU.ActiveCfg = Debug|Any CPU
		{F6484423-11D5-4ADA-A8AD-D7ED0BD5571D}.Debug|Any CPU.Build.0 = Debug|Any CPU
		{F6484423-11D5-4ADA-A8AD-D7ED0BD5571D}.Debug|x64.ActiveCfg = Debug|Any CPU
		{F6484423-11D5-4ADA-A8AD-D7ED0BD5571D}.Debug|x64.Build.0 = Debug|Any CPU
		{F6484423-11D5-4ADA-A8AD-D7ED0BD5571D}.Debug|x86.ActiveCfg = Debug|Any CPU
		{F6484423-11D5-4ADA-A8AD-D7ED0BD5571D}.Debug|x86.Build.0 = Debug|Any CPU
		{F6484423-11D5-4ADA-A8AD-D7ED0BD5571D}.ExportDebug|Any CPU.ActiveCfg = ExportDebug|Any CPU
		{F6484423-11D5-4ADA-A8AD-D7ED0BD5571D}.ExportDebug|Any CPU.Build.0 = ExportDebug|Any CPU
		{F6484423-11D5-4ADA-A8AD-D7ED0BD5571D}.ExportDebug|x64.ActiveCfg = ExportDebug|Any CPU
		{F6484423-11D5-4ADA-A8AD-D7ED0BD5571D}.ExportDebug|x64.Build.0 = ExportDebug|Any CPU
		{F6484423-11D5-4ADA-A8AD-D7ED0BD5571D}.ExportDebug|x86.ActiveCfg = ExportDebug|Any CPU
		{F6484423-11D5-4ADA-A8AD-D7ED0BD5571D}.ExportDebug|x86.Build.0 = ExportDebug|Any CPU
		{F6484423-11D5-4ADA-A8AD-D7ED0BD5571D}.ExportRelease|Any CPU.ActiveCfg = ExportRelease|Any CPU
		{F6484423-11D5-4ADA-A8AD-D7ED0BD5571D}.ExportRelease|Any CPU.Build.0 = ExportRelease|Any CPU
		{F6484423-11D5-4ADA-A8AD-D7ED0BD5571D}.ExportRelease|x64.ActiveCfg = ExportRelease|Any CPU
		{F6484423-11D5-4ADA-A8AD-D7ED0BD5571D}.ExportRelease|x64.Build.0 = ExportRelease|Any CPU
		{F6484423-11D5-4ADA-A8AD-D7ED0BD5571D}.ExportRelease|x86.ActiveCfg = ExportRelease|Any CPU
		{F6484423-11D5-4ADA-A8AD-D7ED0BD5571D}.ExportRelease|x86.Build.0 = ExportRelease|Any CPU
		{F6484423-11D5-4ADA-A8AD-D7ED0BD5571D}.Release|Any CPU.ActiveCfg = Debug|Any CPU
		{F6484423-11D5-4ADA-A8AD-D7ED0BD5571D}.Release|Any CPU.Build.0 = Debug|Any CPU
		{F6484423-11D5-4ADA-A8AD-D7ED0BD5571D}.Release|x64.ActiveCfg = Debug|Any CPU
		{F6484423-11D5-4ADA-A8AD-D7ED0BD5571D}.Release|x64.Build.0 = Debug|Any CPU
		{F6484423-11D5-4ADA-A8AD-D7ED0BD5571D}.Release|x86.ActiveCfg = Debug|Any CPU
		{F6484423-11D5-4ADA-A8AD-D7ED0BD5571D}.Release|x86.Build.0 = Debug|Any CPU
		{BDA347E1-947F-4FD5-8676-F67037C50851}.Debug|Any CPU.ActiveCfg = Debug|Any CPU
		{BDA347E1-947F-4FD5-8676-F67037C50851}.Debug|Any CPU.Build.0 = Debug|Any CPU
		{BDA347E1-947F-4FD5-8676-F67037C50851}.Debug|x64.ActiveCfg = Debug|Any CPU
		{BDA347E1-947F-4FD5-8676-F67037C50851}.Debug|x64.Build.0 = Debug|Any CPU
		{BDA347E1-947F-4FD5-8676-F67037C50851}.Debug|x86.ActiveCfg = Debug|Any CPU
		{BDA347E1-947F-4FD5-8676-F67037C50851}.Debug|x86.Build.0 = Debug|Any CPU
		{BDA347E1-947F-4FD5-8676-F67037C50851}.ExportDebug|Any CPU.ActiveCfg = Debug|Any CPU
		{BDA347E1-947F-4FD5-8676-F67037C50851}.ExportDebug|Any CPU.Build.0 = Debug|Any CPU
		{BDA347E1-947F-4FD5-8676-F67037C50851}.ExportDebug|x64.ActiveCfg = Debug|Any CPU
		{BDA347E1-947F-4FD5-8676-F67037C50851}.ExportDebug|x64.Build.0 = Debug|Any CPU
		{BDA347E1-947F-4FD5-8676-F67037C50851}.ExportDebug|x86.ActiveCfg = Debug|Any CPU
		{BDA347E1-947F-4FD5-8676-F67037C50851}.ExportDebug|x86.Build.0 = Debug|Any CPU
		{BDA347E1-947F-4FD5-8676-F67037C50851}.ExportRelease|Any CPU.ActiveCfg = Debug|Any CPU
		{BDA347E1-947F-4FD5-8676-F67037C50851}.ExportRelease|Any CPU.Build.0 = Debug|Any CPU
		{BDA347E1-947F-4FD5-8676-F67037C50851}.ExportRelease|x64.ActiveCfg = Debug|Any CPU
		{BDA347E1-947F-4FD5-8676-F67037C50851}.ExportRelease|x64.Build.0 = Debug|Any CPU
		{BDA347E1-947F-4FD5-8676-F67037C50851}.ExportRelease|x86.ActiveCfg = Debug|Any CPU
		{BDA347E1-947F-4FD5-8676-F67037C50851}.ExportRelease|x86.Build.0 = Debug|Any CPU
		{BDA347E1-947F-4FD5-8676-F67037C50851}.Release|Any CPU.ActiveCfg = Release|Any CPU
		{BDA347E1-947F-4FD5-8676-F67037C50851}.Release|Any CPU.Build.0 = Release|Any CPU
		{BDA347E1-947F-4FD5-8676-F67037C50851}.Release|x64.ActiveCfg = Release|Any CPU
		{BDA347E1-947F-4FD5-8676-F67037C50851}.Release|x64.Build.0 = Release|Any CPU
		{BDA347E1-947F-4FD5-8676-F67037C50851}.Release|x86.ActiveCfg = Release|Any CPU
		{BDA347E1-947F-4FD5-8676-F67037C50851}.Release|x86.Build.0 = Release|Any CPU
	EndGlobalSection
	GlobalSection(SolutionProperties) = preSolution
		HideSolutionNode = FALSE
	EndGlobalSection
EndGlobal
