Microsoft Visual Studio Solution File, Format Version 12.00
# Visual Studio Version 17
VisualStudioVersion = 17.5.2.0
MinimumVisualStudioVersion = 10.0.40219.1
Project("{FAE04EC0-301F-11D3-BF4B-00C04F79EFBC}") = "VisaoComputacionalTeste", "VisaoComputacionalTeste.csproj", "{698A5B9D-2ECF-D2E9-81C9-F726C5705601}"
EndProject
Global
	GlobalSection(SolutionConfigurationPlatforms) = preSolution
		Debug|Any CPU = Debug|Any CPU
		Release|Any CPU = Release|Any CPU
	EndGlobalSection
	GlobalSection(ProjectConfigurationPlatforms) = postSolution
		{698A5B9D-2ECF-D2E9-81C9-F726C5705601}.Debug|Any CPU.ActiveCfg = Debug|Any CPU
		{698A5B9D-2ECF-D2E9-81C9-F726C5705601}.Debug|Any CPU.Build.0 = Debug|Any CPU
		{698A5B9D-2ECF-D2E9-81C9-F726C5705601}.Release|Any CPU.ActiveCfg = Release|Any CPU
		{698A5B9D-2ECF-D2E9-81C9-F726C5705601}.Release|Any CPU.Build.0 = Release|Any CPU
	EndGlobalSection
	GlobalSection(SolutionProperties) = preSolution
		HideSolutionNode = FALSE
	EndGlobalSection
	GlobalSection(ExtensibilityGlobals) = postSolution
		SolutionGuid = {89725767-EB69-46A0-890B-D0CB8C2CF80C}
	EndGlobalSection
EndGlobal
